// !$*UTF8*$!
{
	archiveVersion = 1;
	classes = {
	};
	objectVersion = 56;
	objects = {

/* Begin PBXBuildFile section */
		2EAA65E22AC5C13D0041939D /* PostsBlogApp.swift in Sources */ = {isa = PBXBuildFile; fileRef = 2EAA65E12AC5C13D0041939D /* PostsBlogApp.swift */; };
		2EAA65E42AC5C13D0041939D /* ContentView.swift in Sources */ = {isa = PBXBuildFile; fileRef = 2EAA65E32AC5C13D0041939D /* ContentView.swift */; };
		2EAA65E62AC5C13E0041939D /* Assets.xcassets in Resources */ = {isa = PBXBuildFile; fileRef = 2EAA65E52AC5C13E0041939D /* Assets.xcassets */; };
		2EAA65E92AC5C13E0041939D /* Preview Assets.xcassets in Resources */ = {isa = PBXBuildFile; fileRef = 2EAA65E82AC5C13E0041939D /* Preview Assets.xcassets */; };
		2EAA65F12AC5C1B10041939D /* Alamofire in Frameworks */ = {isa = PBXBuildFile; productRef = 2EAA65F02AC5C1B10041939D /* Alamofire */; };
		2EAA65F32AC5C66D0041939D /* Post.swift in Sources */ = {isa = PBXBuildFile; fileRef = 2EAA65F22AC5C66D0041939D /* Post.swift */; };
		2EAA65F52AC5C6A00041939D /* PostViewModel.swift in Sources */ = {isa = PBXBuildFile; fileRef = 2EAA65F42AC5C6A00041939D /* PostViewModel.swift */; };
		2EAA65F72AC5C6DA0041939D /* PostListView.swift in Sources */ = {isa = PBXBuildFile; fileRef = 2EAA65F62AC5C6DA0041939D /* PostListView.swift */; };
		2EAA65F92AC5C7DA0041939D /* PostDetailView.swift in Sources */ = {isa = PBXBuildFile; fileRef = 2EAA65F82AC5C7DA0041939D /* PostDetailView.swift */; };
/* End PBXBuildFile section */

/* Begin PBXFileReference section */
		2EAA65DE2AC5C13D0041939D /* PostsBlog.app */ = {isa = PBXFileReference; explicitFileType = wrapper.application; includeInIndex = 0; path = PostsBlog.app; sourceTree = BUILT_PRODUCTS_DIR; };
		2EAA65E12AC5C13D0041939D /* PostsBlogApp.swift */ = {isa = PBXFileReference; lastKnownFileType = sourcecode.swift; path = PostsBlogApp.swift; sourceTree = "<group>"; };
		2EAA65E32AC5C13D0041939D /* ContentView.swift */ = {isa = PBXFileReference; lastKnownFileType = sourcecode.swift; path = ContentView.swift; sourceTree = "<group>"; };
		2EAA65E52AC5C13E0041939D /* Assets.xcassets */ = {isa = PBXFileReference; lastKnownFileType = folder.assetcatalog; path = Assets.xcassets; sourceTree = "<group>"; };
		2EAA65E82AC5C13E0041939D /* Preview Assets.xcassets */ = {isa = PBXFileReference; lastKnownFileType = folder.assetcatalog; path = "Preview Assets.xcassets"; sourceTree = "<group>"; };
		2EAA65F22AC5C66D0041939D /* Post.swift */ = {isa = PBXFileReference; lastKnownFileType = sourcecode.swift; path = Post.swift; sourceTree = "<group>"; };
		2EAA65F42AC5C6A00041939D /* PostViewModel.swift */ = {isa = PBXFileReference; lastKnownFileType = sourcecode.swift; path = PostViewModel.swift; sourceTree = "<group>"; };
		2EAA65F62AC5C6DA0041939D /* PostListView.swift */ = {isa = PBXFileReference; lastKnownFileType = sourcecode.swift; path = PostListView.swift; sourceTree = "<group>"; };
		2EAA65F82AC5C7DA0041939D /* PostDetailView.swift */ = {isa = PBXFileReference; lastKnownFileType = sourcecode.swift; path = PostDetailView.swift; sourceTree = "<group>"; };
/* End PBXFileReference section */

/* Begin PBXFrameworksBuildPhase section */
		2EAA65DB2AC5C13D0041939D /* Frameworks */ = {
			isa = PBXFrameworksBuildPhase;
			buildActionMask = 2147483647;
			files = (
				2EAA65F12AC5C1B10041939D /* Alamofire in Frameworks */,
			);
			runOnlyForDeploymentPostprocessing = 0;
		};
/* End PBXFrameworksBuildPhase section */

/* Begin PBXGroup section */
		2EAA65D52AC5C13D0041939D = {
			isa = PBXGroup;
			children = (
				2EAA65E02AC5C13D0041939D /* PostsBlog */,
				2EAA65DF2AC5C13D0041939D /* Products */,
			);
			sourceTree = "<group>";
		};
		2EAA65DF2AC5C13D0041939D /* Products */ = {
			isa = PBXGroup;
			children = (
				2EAA65DE2AC5C13D0041939D /* PostsBlog.app */,
			);
			name = Products;
			sourceTree = "<group>";
		};
		2EAA65E02AC5C13D0041939D /* PostsBlog */ = {
			isa = PBXGroup;
			children = (
				2EAA65FA2AC5E8190041939D /* Model */,
				2EAA65FB2AC5E8210041939D /* View */,
				2EAA65FC2AC5E8280041939D /* ViewModel */,
				2EAA65E12AC5C13D0041939D /* PostsBlogApp.swift */,
				2EAA65E52AC5C13E0041939D /* Assets.xcassets */,
				2EAA65E72AC5C13E0041939D /* Preview Content */,
			);
			path = PostsBlog;
			sourceTree = "<group>";
		};
		2EAA65E72AC5C13E0041939D /* Preview Content */ = {
			isa = PBXGroup;
			children = (
				2EAA65E82AC5C13E0041939D /* Preview Assets.xcassets */,
			);
			path = "Preview Content";
			sourceTree = "<group>";
		};
		2EAA65FA2AC5E8190041939D /* Model */ = {
			isa = PBXGroup;
			children = (
				2EAA65F22AC5C66D0041939D /* Post.swift */,
			);
			path = Model;
			sourceTree = "<group>";
		};
		2EAA65FB2AC5E8210041939D /* View */ = {
			isa = PBXGroup;
			children = (
				2EAA65F62AC5C6DA0041939D /* PostListView.swift */,
				2EAA65E32AC5C13D0041939D /* ContentView.swift */,
				2EAA65F82AC5C7DA0041939D /* PostDetailView.swift */,
			);
			path = View;
			sourceTree = "<group>";
		};
		2EAA65FC2AC5E8280041939D /* ViewModel */ = {
			isa = PBXGroup;
			children = (
				2EAA65F42AC5C6A00041939D /* PostViewModel.swift */,
			);
			path = ViewModel;
			sourceTree = "<group>";
		};
/* End PBXGroup section */

/* Begin PBXNativeTarget section */
		2EAA65DD2AC5C13D0041939D /* PostsBlog */ = {
			isa = PBXNativeTarget;
			buildConfigurationList = 2EAA65EC2AC5C13E0041939D /* Build configuration list for PBXNativeTarget "PostsBlog" */;
			buildPhases = (
				2EAA65DA2AC5C13D0041939D /* Sources */,
				2EAA65DB2AC5C13D0041939D /* Frameworks */,
				2EAA65DC2AC5C13D0041939D /* Resources */,
			);
			buildRules = (
			);
			dependencies = (
			);
			name = PostsBlog;
			packageProductDependencies = (
				2EAA65F02AC5C1B10041939D /* Alamofire */,
			);
			productName = PostsBlog;
			productReference = 2EAA65DE2AC5C13D0041939D /* PostsBlog.app */;
			productType = "com.apple.product-type.application";
		};
/* End PBXNativeTarget section */

/* Begin PBXProject section */
		2EAA65D62AC5C13D0041939D /* Project object */ = {
			isa = PBXProject;
			attributes = {
				BuildIndependentTargetsInParallel = 1;
				LastSwiftUpdateCheck = 1420;
				LastUpgradeCheck = 1420;
				TargetAttributes = {
					2EAA65DD2AC5C13D0041939D = {
						CreatedOnToolsVersion = 14.2;
					};
				};
			};
			buildConfigurationList = 2EAA65D92AC5C13D0041939D /* Build configuration list for PBXProject "PostsBlog" */;
			compatibilityVersion = "Xcode 14.0";
			developmentRegion = en;
			hasScannedForEncodings = 0;
			knownRegions = (
				en,
				Base,
			);
			mainGroup = 2EAA65D52AC5C13D0041939D;
			packageReferences = (
				2EAA65EF2AC5C1B10041939D /* XCRemoteSwiftPackageReference "Alamofire" */,
			);
			productRefGroup = 2EAA65DF2AC5C13D0041939D /* Products */;
			projectDirPath = "";
			projectRoot = "";
			targets = (
				2EAA65DD2AC5C13D0041939D /* PostsBlog */,
			);
		};
/* End PBXProject section */

/* Begin PBXResourcesBuildPhase section */
		2EAA65DC2AC5C13D0041939D /* Resources */ = {
			isa = PBXResourcesBuildPhase;
			buildActionMask = 2147483647;
			files = (
				2EAA65E92AC5C13E0041939D /* Preview Assets.xcassets in Resources */,
				2EAA65E62AC5C13E0041939D /* Assets.xcassets in Resources */,
			);
			runOnlyForDeploymentPostprocessing = 0;
		};
/* End PBXResourcesBuildPhase section */

/* Begin PBXSourcesBuildPhase section */
		2EAA65DA2AC5C13D0041939D /* Sources */ = {
			isa = PBXSourcesBuildPhase;
			buildActionMask = 2147483647;
			files = (
				2EAA65F52AC5C6A00041939D /* PostViewModel.swift in Sources */,
				2EAA65F32AC5C66D0041939D /* Post.swift in Sources */,
				2EAA65E42AC5C13D0041939D /* ContentView.swift in Sources */,
				2EAA65F92AC5C7DA0041939D /* PostDetailView.swift in Sources */,
				2EAA65E22AC5C13D0041939D /* PostsBlogApp.swift in Sources */,
				2EAA65F72AC5C6DA0041939D /* PostListView.swift in Sources */,
			);
			runOnlyForDeploymentPostprocessing = 0;
		};
/* End PBXSourcesBuildPhase section */

/* Begin XCBuildConfiguration section */
		2EAA65EA2AC5C13E0041939D /* Debug */ = {
			isa = XCBuildConfiguration;
			buildSettings = {
				ALWAYS_SEARCH_USER_PATHS = NO;
				CLANG_ANALYZER_NONNULL = YES;
				CLANG_ANALYZER_NUMBER_OBJECT_CONVERSION = YES_AGGRESSIVE;
				CLANG_CXX_LANGUAGE_STANDARD = "gnu++20";
				CLANG_ENABLE_MODULES = YES;
				CLANG_ENABLE_OBJC_ARC = YES;
				CLANG_ENABLE_OBJC_WEAK = YES;
				CLANG_WARN_BLOCK_CAPTURE_AUTORELEASING = YES;
				CLANG_WARN_BOOL_CONVERSION = YES;
				CLANG_WARN_COMMA = YES;
				CLANG_WARN_CONSTANT_CONVERSION = YES;
				CLANG_WARN_DEPRECATED_OBJC_IMPLEMENTATIONS = YES;
				CLANG_WARN_DIRECT_OBJC_ISA_USAGE = YES_ERROR;
				CLANG_WARN_DOCUMENTATION_COMMENTS = YES;
				CLANG_WARN_EMPTY_BODY = YES;
				CLANG_WARN_ENUM_CONVERSION = YES;
				CLANG_WARN_INFINITE_RECURSION = YES;
				CLANG_WARN_INT_CONVERSION = YES;
				CLANG_WARN_NON_LITERAL_NULL_CONVERSION = YES;
				CLANG_WARN_OBJC_IMPLICIT_RETAIN_SELF = YES;
				CLANG_WARN_OBJC_LITERAL_CONVERSION = YES;
				CLANG_WARN_OBJC_ROOT_CLASS = YES_ERROR;
				CLANG_WARN_QUOTED_INCLUDE_IN_FRAMEWORK_HEADER = YES;
				CLANG_WARN_RANGE_LOOP_ANALYSIS = YES;
				CLANG_WARN_STRICT_PROTOTYPES = YES;
				CLANG_WARN_SUSPICIOUS_MOVE = YES;
				CLANG_WARN_UNGUARDED_AVAILABILITY = YES_AGGRESSIVE;
				CLANG_WARN_UNREACHABLE_CODE = YES;
				CLANG_WARN__DUPLICATE_METHOD_MATCH = YES;
				COPY_PHASE_STRIP = NO;
				DEBUG_INFORMATION_FORMAT = dwarf;
				ENABLE_STRICT_OBJC_MSGSEND = YES;
				ENABLE_TESTABILITY = YES;
				GCC_C_LANGUAGE_STANDARD = gnu11;
				GCC_DYNAMIC_NO_PIC = NO;
				GCC_NO_COMMON_BLOCKS = YES;
				GCC_OPTIMIZATION_LEVEL = 0;
				GCC_PREPROCESSOR_DEFINITIONS = (
					"DEBUG=1",
					"$(inherited)",
				);
				GCC_WARN_64_TO_32_BIT_CONVERSION = YES;
				GCC_WARN_ABOUT_RETURN_TYPE = YES_ERROR;
				GCC_WARN_UNDECLARED_SELECTOR = YES;
				GCC_WARN_UNINITIALIZED_AUTOS = YES_AGGRESSIVE;
				GCC_WARN_UNUSED_FUNCTION = YES;
				GCC_WARN_UNUSED_VARIABLE = YES;
				IPHONEOS_DEPLOYMENT_TARGET = 16.2;
				MTL_ENABLE_DEBUG_INFO = INCLUDE_SOURCE;
				MTL_FAST_MATH = YES;
				ONLY_ACTIVE_ARCH = YES;
				SDKROOT = iphoneos;
				SWIFT_ACTIVE_COMPILATION_CONDITIONS = DEBUG;
				SWIFT_OPTIMIZATION_LEVEL = "-Onone";
			};
			name = Debug;
		};
		2EAA65EB2AC5C13E0041939D /* Release */ = {
			isa = XCBuildConfiguration;
			buildSettings = {
				ALWAYS_SEARCH_USER_PATHS = NO;
				CLANG_ANALYZER_NONNULL = YES;
				CLANG_ANALYZER_NUMBER_OBJECT_CONVERSION = YES_AGGRESSIVE;
				CLANG_CXX_LANGUAGE_STANDARD = "gnu++20";
				CLANG_ENABLE_MODULES = YES;
				CLANG_ENABLE_OBJC_ARC = YES;
				CLANG_ENABLE_OBJC_WEAK = YES;
				CLANG_WARN_BLOCK_CAPTURE_AUTORELEASING = YES;
				CLANG_WARN_BOOL_CONVERSION = YES;
				CLANG_WARN_COMMA = YES;
				CLANG_WARN_CONSTANT_CONVERSION = YES;
				CLANG_WARN_DEPRECATED_OBJC_IMPLEMENTATIONS = YES;
				CLANG_WARN_DIRECT_OBJC_ISA_USAGE = YES_ERROR;
				CLANG_WARN_DOCUMENTATION_COMMENTS = YES;
				CLANG_WARN_EMPTY_BODY = YES;
				CLANG_WARN_ENUM_CONVERSION = YES;
				CLANG_WARN_INFINITE_RECURSION = YES;
				CLANG_WARN_INT_CONVERSION = YES;
				CLANG_WARN_NON_LITERAL_NULL_CONVERSION = YES;
				CLANG_WARN_OBJC_IMPLICIT_RETAIN_SELF = YES;
				CLANG_WARN_OBJC_LITERAL_CONVERSION = YES;
				CLANG_WARN_OBJC_ROOT_CLASS = YES_ERROR;
				CLANG_WARN_QUOTED_INCLUDE_IN_FRAMEWORK_HEADER = YES;
				CLANG_WARN_RANGE_LOOP_ANALYSIS = YES;
				CLANG_WARN_STRICT_PROTOTYPES = YES;
				CLANG_WARN_SUSPICIOUS_MOVE = YES;
				CLANG_WARN_UNGUARDED_AVAILABILITY = YES_AGGRESSIVE;
				CLANG_WARN_UNREACHABLE_CODE = YES;
				CLANG_WARN__DUPLICATE_METHOD_MATCH = YES;
				COPY_PHASE_STRIP = NO;
				DEBUG_INFORMATION_FORMAT = "dwarf-with-dsym";
				ENABLE_NS_ASSERTIONS = NO;
				ENABLE_STRICT_OBJC_MSGSEND = YES;
				GCC_C_LANGUAGE_STANDARD = gnu11;
				GCC_NO_COMMON_BLOCKS = YES;
				GCC_WARN_64_TO_32_BIT_CONVERSION = YES;
				GCC_WARN_ABOUT_RETURN_TYPE = YES_ERROR;
				GCC_WARN_UNDECLARED_SELECTOR = YES;
				GCC_WARN_UNINITIALIZED_AUTOS = YES_AGGRESSIVE;
				GCC_WARN_UNUSED_FUNCTION = YES;
				GCC_WARN_UNUSED_VARIABLE = YES;
				IPHONEOS_DEPLOYMENT_TARGET = 16.2;
				MTL_ENABLE_DEBUG_INFO = NO;
				MTL_FAST_MATH = YES;
				SDKROOT = iphoneos;
				SWIFT_COMPILATION_MODE = wholemodule;
				SWIFT_OPTIMIZATION_LEVEL = "-O";
				VALIDATE_PRODUCT = YES;
			};
			name = Release;
		};
		2EAA65ED2AC5C13E0041939D /* Debug */ = {
			isa = XCBuildConfiguration;
			buildSettings = {
				ASSETCATALOG_COMPILER_APPICON_NAME = AppIcon;
				ASSETCATALOG_COMPILER_GLOBAL_ACCENT_COLOR_NAME = AccentColor;
				CODE_SIGN_STYLE = Automatic;
				CURRENT_PROJECT_VERSION = 1;
				DEVELOPMENT_ASSET_PATHS = "\"PostsBlog/Preview Content\"";
				ENABLE_PREVIEWS = YES;
				GENERATE_INFOPLIST_FILE = YES;
				INFOPLIST_KEY_UIApplicationSceneManifest_Generation = YES;
				INFOPLIST_KEY_UIApplicationSupportsIndirectInputEvents = YES;
				INFOPLIST_KEY_UILaunchScreen_Generation = YES;
				INFOPLIST_KEY_UISupportedInterfaceOrientations_iPad = "UIInterfaceOrientationPortrait UIInterfaceOrientationPortraitUpsideDown UIInterfaceOrientationLandscapeLeft UIInterfaceOrientationLandscapeRight";
				INFOPLIST_KEY_UISupportedInterfaceOrientations_iPhone = "UIInterfaceOrientationPortrait UIInterfaceOrientationLandscapeLeft UIInterfaceOrientationLandscapeRight";
				LD_RUNPATH_SEARCH_PATHS = (
					"$(inherited)",
					"@executable_path/Frameworks",
				);
				MARKETING_VERSION = 1.0;
				PRODUCT_BUNDLE_IDENTIFIER = diego.rodrigues.PostsBlog;
				PRODUCT_NAME = "$(TARGET_NAME)";
				SUPPORTED_PLATFORMS = "iphoneos iphonesimulator";
				SUPPORTS_MACCATALYST = NO;
				SUPPORTS_MAC_DESIGNED_FOR_IPHONE_IPAD = NO;
				SWIFT_EMIT_LOC_STRINGS = YES;
				SWIFT_VERSION = 5.0;
				TARGETED_DEVICE_FAMILY = 1;
			};
			name = Debug;
		};
		2EAA65EE2AC5C13E0041939D /* Release */ = {
			isa = XCBuildConfiguration;
			buildSettings = {
				ASSETCATALOG_COMPILER_APPICON_NAME = AppIcon;
				ASSETCATALOG_COMPILER_GLOBAL_ACCENT_COLOR_NAME = AccentColor;
				CODE_SIGN_STYLE = Automatic;
				CURRENT_PROJECT_VERSION = 1;
				DEVELOPMENT_ASSET_PATHS = "\"PostsBlog/Preview Content\"";
				ENABLE_PREVIEWS = YES;
				GENERATE_INFOPLIST_FILE = YES;
				INFOPLIST_KEY_UIApplicationSceneManifest_Generation = YES;
				INFOPLIST_KEY_UIApplicationSupportsIndirectInputEvents = YES;
				INFOPLIST_KEY_UILaunchScreen_Generation = YES;
				INFOPLIST_KEY_UISupportedInterfaceOrientations_iPad = "UIInterfaceOrientationPortrait UIInterfaceOrientationPortraitUpsideDown UIInterfaceOrientationLandscapeLeft UIInterfaceOrientationLandscapeRight";
				INFOPLIST_KEY_UISupportedInterfaceOrientations_iPhone = "UIInterfaceOrientationPortrait UIInterfaceOrientationLandscapeLeft UIInterfaceOrientationLandscapeRight";
				LD_RUNPATH_SEARCH_PATHS = (
					"$(inherited)",
					"@executable_path/Frameworks",
				);
				MARKETING_VERSION = 1.0;
				PRODUCT_BUNDLE_IDENTIFIER = diego.rodrigues.PostsBlog;
				PRODUCT_NAME = "$(TARGET_NAME)";
				SUPPORTED_PLATFORMS = "iphoneos iphonesimulator";
				SUPPORTS_MACCATALYST = NO;
				SUPPORTS_MAC_DESIGNED_FOR_IPHONE_IPAD = NO;
				SWIFT_EMIT_LOC_STRINGS = YES;
				SWIFT_VERSION = 5.0;
				TARGETED_DEVICE_FAMILY = 1;
			};
			name = Release;
		};
/* End XCBuildConfiguration section */

/* Begin XCConfigurationList section */
		2EAA65D92AC5C13D0041939D /* Build configuration list for PBXProject "PostsBlog" */ = {
			isa = XCConfigurationList;
			buildConfigurations = (
				2EAA65EA2AC5C13E0041939D /* Debug */,
				2EAA65EB2AC5C13E0041939D /* Release */,
			);
			defaultConfigurationIsVisible = 0;
			defaultConfigurationName = Release;
		};
		2EAA65EC2AC5C13E0041939D /* Build configuration list for PBXNativeTarget "PostsBlog" */ = {
			isa = XCConfigurationList;
			buildConfigurations = (
				2EAA65ED2AC5C13E0041939D /* Debug */,
				2EAA65EE2AC5C13E0041939D /* Release */,
			);
			defaultConfigurationIsVisible = 0;
			defaultConfigurationName = Release;
		};
/* End XCConfigurationList section */

/* Begin XCRemoteSwiftPackageReference section */
		2EAA65EF2AC5C1B10041939D /* XCRemoteSwiftPackageReference "Alamofire" */ = {
			isa = XCRemoteSwiftPackageReference;
			repositoryURL = "https://github.com/Alamofire/Alamofire.git";
			requirement = {
				branch = master;
				kind = branch;
			};
		};
/* End XCRemoteSwiftPackageReference section */

/* Begin XCSwiftPackageProductDependency section */
		2EAA65F02AC5C1B10041939D /* Alamofire */ = {
			isa = XCSwiftPackageProductDependency;
			package = 2EAA65EF2AC5C1B10041939D /* XCRemoteSwiftPackageReference "Alamofire" */;
			productName = Alamofire;
		};
/* End XCSwiftPackageProductDependency section */
	};
	rootObject = 2EAA65D62AC5C13D0041939D /* Project object */;
}
